{
  "originHash" : "7f3d5637a508b08204b12bcb716450da68159efc18b33b27a0367452bd21d9a2",
  "pins" : [
    {
      "identity" : "capacitor-swift-pm",
      "kind" : "remoteSourceControl",
      "location" : "https://github.com/ionic-team/capacitor-swift-pm.git",
      "state" : {
        "revision" : "f1a8fadf1437c23b825c818fb6509c9dbbae2f61",
        "version" : "8.3.1"
      }
    },
    {
      "identity" : "qrcode",
      "kind" : "remoteSourceControl",
      "location" : "https://github.com/WalletConnect/QRCode",
      "state" : {
        "revision" : "263f280d2c8144adfb0b6676109846cfc8dd552b",
        "version" : "14.3.1"
      }
    },
    {
      "identity" : "reown-swift",
      "kind" : "remoteSourceControl",
      "location" : "https://github.com/reown-com/reown-swift.git",
      "state" : {
        "revision" : "de2a59434695985fcd541a94b3f635f537c09d97",
        "version" : "1.0.5"
      }
    },
    {
      "identity" : "swift-qrcode-generator",
      "kind" : "remoteSourceControl",
      "location" : "https://github.com/dagronf/swift-qrcode-generator",
      "state" : {
        "revision" : "5ca09b6a2ad190f94aa3d6ddef45b187f8c0343b",
        "version" : "1.0.3"
      }
    },
    {
      "identity" : "swift-sodium",
      "kind" : "remoteSourceControl",
      "location" : "https://github.com/jedisct1/swift-sodium.git",
      "state" : {
        "revision" : "cfd195c76882aa9b997560ca7cb95d72fbf5db00",
        "version" : "0.11.0"
      }
    },
    {
      "identity" : "swiftimagereadwrite",
      "kind" : "remoteSourceControl",
      "location" : "https://github.com/dagronf/SwiftImageReadWrite",
      "state" : {
        "revision" : "5596407d1cf61b953b8e658fa8636a471df3c509",
        "version" : "1.1.6"
      }
    },
    {
      "identity" : "wallet-mobile-sdk",
      "kind" : "remoteSourceControl",
      "location" : "https://github.com/MobileWalletProtocol/wallet-mobile-sdk",
      "state" : {
        "revision" : "4aa89e682f8d7ab1515d85d0797f0d25306bb56a",
        "version" : "1.0.5"
      }
    }
  ],
  "version" : 3
}
